
Microsoft Visual Studio Solution File, Format Version 12.00
# Visual Studio Version 17
VisualStudioVersion = 17.10.35122.118
MinimumVisualStudioVersion = 10.0.40219.1
Project("{FAE04EC0-301F-11D3-BF4B-00C04F79EFBC}") = "Are you a Lobster", "Are you a Lobster\Are you a Lobster.csproj", "{167DB556-BFA3-45C6-89D2-956438BE6420}"
EndProject
Global
	GlobalSection(SolutionConfigurationPlatforms) = preSolution
		Debug|Any CPU = Debug|Any CPU
		Release|Any CPU = Release|Any CPU
	EndGlobalSection
	GlobalSection(ProjectConfigurationPlatforms) = postSolution
		{167DB556-BFA3-45C6-89D2-956438BE6420}.Debug|Any CPU.ActiveCfg = Debug|Any CPU
		{167DB556-BFA3-45C6-89D2-956438BE6420}.Debug|Any CPU.Build.0 = Debug|Any CPU
		{167DB556-BFA3-45C6-89D2-956438BE6420}.Debug|Any CPU.Deploy.0 = Debug|Any CPU
		{167DB556-BFA3-45C6-89D2-956438BE6420}.Release|Any CPU.ActiveCfg = Release|Any CPU
		{167DB556-BFA3-45C6-89D2-956438BE6420}.Release|Any CPU.Build.0 = Release|Any CPU
		{167DB556-BFA3-45C6-89D2-956438BE6420}.Release|Any CPU.Deploy.0 = Release|Any CPU
	EndGlobalSection
	GlobalSection(SolutionProperties) = preSolution
		HideSolutionNode = FALSE
	EndGlobalSection
	GlobalSection(ExtensibilityGlobals) = postSolution
		SolutionGuid = {650FCA6A-680A-4726-9904-C30BDF5B6AE4}
	EndGlobalSection
EndGlobal
